
Microsoft Visual Studio Solution File, Format Version 12.00
# Visual Studio Version 16
VisualStudioVersion = 16.0.31402.337
MinimumVisualStudioVersion = 10.0.40219.1
Project("{FAE04EC0-301F-11D3-BF4B-00C04F79EFBC}") = "AzureWeek1Assignment3", "AzureWeek1Assignment3\AzureWeek1Assignment3.csproj", "{C8586E2C-2331-4089-92F9-580AC5D94136}"
EndProject
Global
	GlobalSection(SolutionConfigurationPlatforms) = preSolution
		Debug|Any CPU = Debug|Any CPU
		Release|Any CPU = Release|Any CPU
	EndGlobalSection
	GlobalSection(ProjectConfigurationPlatforms) = postSolution
		{C8586E2C-2331-4089-92F9-580AC5D94136}.Debug|Any CPU.ActiveCfg = Debug|Any CPU
		{C8586E2C-2331-4089-92F9-580AC5D94136}.Debug|Any CPU.Build.0 = Debug|Any CPU
		{C8586E2C-2331-4089-92F9-580AC5D94136}.Release|Any CPU.ActiveCfg = Release|Any CPU
		{C8586E2C-2331-4089-92F9-580AC5D94136}.Release|Any CPU.Build.0 = Release|Any CPU
	EndGlobalSection
	GlobalSection(SolutionProperties) = preSolution
		HideSolutionNode = FALSE
	EndGlobalSection
	GlobalSection(ExtensibilityGlobals) = postSolution
		SolutionGuid = {18199EFD-29C1-4A2D-9BD9-8D402E97E1FA}
	EndGlobalSection
EndGlobal
